
Microsoft Visual Studio Solution File, Format Version 12.00
# Visual Studio 15
VisualStudioVersion = 15.0.28307.757
MinimumVisualStudioVersion = 10.0.40219.1
Project("{2150E333-8FDC-42A3-9474-1A3956D46DE8}") = "Creational", "Creational", "{CF6E4620-5E0F-4D06-9B6C-1ABDEBA567FC}"
EndProject
Project("{9A19103F-16F7-4668-BE54-9A1E7A4F7556}") = "Design.Patterns.FactoryMethod", "Design.Patterns.FactoryMethod\Design.Patterns.FactoryMethod.csproj", "{7ADFEA04-1B5B-449E-A6E0-6A0E4DF34FDE}"
EndProject
Project("{9A19103F-16F7-4668-BE54-9A1E7A4F7556}") = "Design.Patterns.AbstractFactory", "Design.Patterns.AbstractFactory\Design.Patterns.AbstractFactory.csproj", "{D705E99B-D049-4BA5-8983-3BA5F00C02D9}"
EndProject
Project("{9A19103F-16F7-4668-BE54-9A1E7A4F7556}") = "Design.Patterns.Prototype", "Design.Patterns.Prototype\Design.Patterns.Prototype.csproj", "{F1DA77E4-D81A-42A6-BA1D-5A486556402A}"
EndProject
Project("{9A19103F-16F7-4668-BE54-9A1E7A4F7556}") = "Design.Patterns.Builder", "Design.Patterns.Builder\Design.Patterns.Builder.csproj", "{BE7E9776-7F60-4802-A49F-91803A4A5550}"
EndProject
Project("{2150E333-8FDC-42A3-9474-1A3956D46DE8}") = "Structural", "Structural", "{52E1733C-3632-4F82-92AC-8B89BDC31FCA}"
EndProject
Project("{9A19103F-16F7-4668-BE54-9A1E7A4F7556}") = "Design.Patterns.Adapter", "Design.Patterns.Adapter\Design.Patterns.Adapter.csproj", "{C509F3AB-EB9B-47E7-9E17-2F417D4A5373}"
EndProject
Project("{9A19103F-16F7-4668-BE54-9A1E7A4F7556}") = "Design.Pattern.Decorator", "Design.Pattern.Decoratr\Design.Pattern.Decorator.csproj", "{C332ED56-E5C1-4B52-96FA-270A1F4B164F}"
EndProject
Project("{9A19103F-16F7-4668-BE54-9A1E7A4F7556}") = "Design.Pattern.Facade", "Design.Pattern.Facade\Design.Pattern.Facade.csproj", "{2AD982E6-2BF8-49EB-8B2D-4565C02D32A3}"
EndProject
Project("{9A19103F-16F7-4668-BE54-9A1E7A4F7556}") = "Design.Pattern.Proxy", "Design.Pattern.Proxy\Design.Pattern.Proxy.csproj", "{7BD1FE8F-0A4C-48B6-9DA3-23730D279335}"
EndProject
Project("{9A19103F-16F7-4668-BE54-9A1E7A4F7556}") = "Design.Patterns.Composite", "Design.Patterns.Composite\Design.Patterns.Composite.csproj", "{ABE36F44-7E7B-4A7D-B2D4-48FE626BB0E8}"
EndProject
Project("{9A19103F-16F7-4668-BE54-9A1E7A4F7556}") = "Design.Pattern.Flyweight", "Design.Pattern.Flyweight\Design.Pattern.Flyweight.csproj", "{44676AF9-ECC9-4B69-9B19-DD694704862C}"
EndProject
Project("{9A19103F-16F7-4668-BE54-9A1E7A4F7556}") = "Design.Patterns.Bridge", "Design.Patterns.Bridge\Design.Patterns.Bridge.csproj", "{1C8746F7-18B1-47DD-9049-110C1C1554C1}"
EndProject
Project("{2150E333-8FDC-42A3-9474-1A3956D46DE8}") = "Behavioral", "Behavioral", "{124F2C36-3B5C-49F6-9C2B-BB3C3A95F533}"
EndProject
Project("{9A19103F-16F7-4668-BE54-9A1E7A4F7556}") = "Design.Pattern.ChainOfResponsibility", "Design.Pattern.ChainOfResponsibility\Design.Pattern.ChainOfResponsibility.csproj", "{6E91EDB8-2280-45E3-AF5E-0282C65E7F91}"
EndProject
Project("{9A19103F-16F7-4668-BE54-9A1E7A4F7556}") = "Design.Pattern.Memento", "Design.Patterns.Memento\Design.Pattern.Memento.csproj", "{D6046AFC-1B1B-43AC-AB88-2307DB5893EE}"
EndProject
Project("{9A19103F-16F7-4668-BE54-9A1E7A4F7556}") = "Design.Pattern.Visitor", "Design.Pattern.Visitor\Design.Pattern.Visitor.csproj", "{19728224-35D0-4FC3-8C70-AC9C5F81E041}"
EndProject
Project("{FAE04EC0-301F-11D3-BF4B-00C04F79EFBC}") = "Design.Pattern.State", "Design.Pattern.State\Design.Pattern.State.csproj", "{12FF2DB7-64D9-4ABF-BBE4-B92ADC2D4D0E}"
EndProject
Global
	GlobalSection(SolutionConfigurationPlatforms) = preSolution
		Debug|Any CPU = Debug|Any CPU
		Release|Any CPU = Release|Any CPU
	EndGlobalSection
	GlobalSection(ProjectConfigurationPlatforms) = postSolution
		{7ADFEA04-1B5B-449E-A6E0-6A0E4DF34FDE}.Debug|Any CPU.ActiveCfg = Debug|Any CPU
		{7ADFEA04-1B5B-449E-A6E0-6A0E4DF34FDE}.Debug|Any CPU.Build.0 = Debug|Any CPU
		{7ADFEA04-1B5B-449E-A6E0-6A0E4DF34FDE}.Release|Any CPU.ActiveCfg = Release|Any CPU
		{7ADFEA04-1B5B-449E-A6E0-6A0E4DF34FDE}.Release|Any CPU.Build.0 = Release|Any CPU
		{D705E99B-D049-4BA5-8983-3BA5F00C02D9}.Debug|Any CPU.ActiveCfg = Debug|Any CPU
		{D705E99B-D049-4BA5-8983-3BA5F00C02D9}.Debug|Any CPU.Build.0 = Debug|Any CPU
		{D705E99B-D049-4BA5-8983-3BA5F00C02D9}.Release|Any CPU.ActiveCfg = Release|Any CPU
		{D705E99B-D049-4BA5-8983-3BA5F00C02D9}.Release|Any CPU.Build.0 = Release|Any CPU
		{F1DA77E4-D81A-42A6-BA1D-5A486556402A}.Debug|Any CPU.ActiveCfg = Debug|Any CPU
		{F1DA77E4-D81A-42A6-BA1D-5A486556402A}.Debug|Any CPU.Build.0 = Debug|Any CPU
		{F1DA77E4-D81A-42A6-BA1D-5A486556402A}.Release|Any CPU.ActiveCfg = Release|Any CPU
		{F1DA77E4-D81A-42A6-BA1D-5A486556402A}.Release|Any CPU.Build.0 = Release|Any CPU
		{BE7E9776-7F60-4802-A49F-91803A4A5550}.Debug|Any CPU.ActiveCfg = Debug|Any CPU
		{BE7E9776-7F60-4802-A49F-91803A4A5550}.Debug|Any CPU.Build.0 = Debug|Any CPU
		{BE7E9776-7F60-4802-A49F-91803A4A5550}.Release|Any CPU.ActiveCfg = Release|Any CPU
		{BE7E9776-7F60-4802-A49F-91803A4A5550}.Release|Any CPU.Build.0 = Release|Any CPU
		{C509F3AB-EB9B-47E7-9E17-2F417D4A5373}.Debug|Any CPU.ActiveCfg = Debug|Any CPU
		{C509F3AB-EB9B-47E7-9E17-2F417D4A5373}.Debug|Any CPU.Build.0 = Debug|Any CPU
		{C509F3AB-EB9B-47E7-9E17-2F417D4A5373}.Release|Any CPU.ActiveCfg = Release|Any CPU
		{C509F3AB-EB9B-47E7-9E17-2F417D4A5373}.Release|Any CPU.Build.0 = Release|Any CPU
		{C332ED56-E5C1-4B52-96FA-270A1F4B164F}.Debug|Any CPU.ActiveCfg = Debug|Any CPU
		{C332ED56-E5C1-4B52-96FA-270A1F4B164F}.Debug|Any CPU.Build.0 = Debug|Any CPU
		{C332ED56-E5C1-4B52-96FA-270A1F4B164F}.Release|Any CPU.ActiveCfg = Release|Any CPU
		{C332ED56-E5C1-4B52-96FA-270A1F4B164F}.Release|Any CPU.Build.0 = Release|Any CPU
		{2AD982E6-2BF8-49EB-8B2D-4565C02D32A3}.Debug|Any CPU.ActiveCfg = Debug|Any CPU
		{2AD982E6-2BF8-49EB-8B2D-4565C02D32A3}.Debug|Any CPU.Build.0 = Debug|Any CPU
		{2AD982E6-2BF8-49EB-8B2D-4565C02D32A3}.Release|Any CPU.ActiveCfg = Release|Any CPU
		{2AD982E6-2BF8-49EB-8B2D-4565C02D32A3}.Release|Any CPU.Build.0 = Release|Any CPU
		{7BD1FE8F-0A4C-48B6-9DA3-23730D279335}.Debug|Any CPU.ActiveCfg = Debug|Any CPU
		{7BD1FE8F-0A4C-48B6-9DA3-23730D279335}.Debug|Any CPU.Build.0 = Debug|Any CPU
		{7BD1FE8F-0A4C-48B6-9DA3-23730D279335}.Release|Any CPU.ActiveCfg = Release|Any CPU
		{7BD1FE8F-0A4C-48B6-9DA3-23730D279335}.Release|Any CPU.Build.0 = Release|Any CPU
		{ABE36F44-7E7B-4A7D-B2D4-48FE626BB0E8}.Debug|Any CPU.ActiveCfg = Debug|Any CPU
		{ABE36F44-7E7B-4A7D-B2D4-48FE626BB0E8}.Debug|Any CPU.Build.0 = Debug|Any CPU
		{ABE36F44-7E7B-4A7D-B2D4-48FE626BB0E8}.Release|Any CPU.ActiveCfg = Release|Any CPU
		{ABE36F44-7E7B-4A7D-B2D4-48FE626BB0E8}.Release|Any CPU.Build.0 = Release|Any CPU
		{44676AF9-ECC9-4B69-9B19-DD694704862C}.Debug|Any CPU.ActiveCfg = Debug|Any CPU
		{44676AF9-ECC9-4B69-9B19-DD694704862C}.Debug|Any CPU.Build.0 = Debug|Any CPU
		{44676AF9-ECC9-4B69-9B19-DD694704862C}.Release|Any CPU.ActiveCfg = Release|Any CPU
		{44676AF9-ECC9-4B69-9B19-DD694704862C}.Release|Any CPU.Build.0 = Release|Any CPU
		{1C8746F7-18B1-47DD-9049-110C1C1554C1}.Debug|Any CPU.ActiveCfg = Debug|Any CPU
		{1C8746F7-18B1-47DD-9049-110C1C1554C1}.Debug|Any CPU.Build.0 = Debug|Any CPU
		{1C8746F7-18B1-47DD-9049-110C1C1554C1}.Release|Any CPU.ActiveCfg = Release|Any CPU
		{1C8746F7-18B1-47DD-9049-110C1C1554C1}.Release|Any CPU.Build.0 = Release|Any CPU
		{6E91EDB8-2280-45E3-AF5E-0282C65E7F91}.Debug|Any CPU.ActiveCfg = Debug|Any CPU
		{6E91EDB8-2280-45E3-AF5E-0282C65E7F91}.Debug|Any CPU.Build.0 = Debug|Any CPU
		{6E91EDB8-2280-45E3-AF5E-0282C65E7F91}.Release|Any CPU.ActiveCfg = Release|Any CPU
		{6E91EDB8-2280-45E3-AF5E-0282C65E7F91}.Release|Any CPU.Build.0 = Release|Any CPU
		{D6046AFC-1B1B-43AC-AB88-2307DB5893EE}.Debug|Any CPU.ActiveCfg = Debug|Any CPU
		{D6046AFC-1B1B-43AC-AB88-2307DB5893EE}.Debug|Any CPU.Build.0 = Debug|Any CPU
		{D6046AFC-1B1B-43AC-AB88-2307DB5893EE}.Release|Any CPU.ActiveCfg = Release|Any CPU
		{D6046AFC-1B1B-43AC-AB88-2307DB5893EE}.Release|Any CPU.Build.0 = Release|Any CPU
		{19728224-35D0-4FC3-8C70-AC9C5F81E041}.Debug|Any CPU.ActiveCfg = Debug|Any CPU
		{19728224-35D0-4FC3-8C70-AC9C5F81E041}.Debug|Any CPU.Build.0 = Debug|Any CPU
		{19728224-35D0-4FC3-8C70-AC9C5F81E041}.Release|Any CPU.ActiveCfg = Release|Any CPU
		{19728224-35D0-4FC3-8C70-AC9C5F81E041}.Release|Any CPU.Build.0 = Release|Any CPU
		{12FF2DB7-64D9-4ABF-BBE4-B92ADC2D4D0E}.Debug|Any CPU.ActiveCfg = Debug|Any CPU
		{12FF2DB7-64D9-4ABF-BBE4-B92ADC2D4D0E}.Debug|Any CPU.Build.0 = Debug|Any CPU
		{12FF2DB7-64D9-4ABF-BBE4-B92ADC2D4D0E}.Release|Any CPU.ActiveCfg = Release|Any CPU
		{12FF2DB7-64D9-4ABF-BBE4-B92ADC2D4D0E}.Release|Any CPU.Build.0 = Release|Any CPU
	EndGlobalSection
	GlobalSection(SolutionProperties) = preSolution
		HideSolutionNode = FALSE
	EndGlobalSection
	GlobalSection(NestedProjects) = preSolution
		{7ADFEA04-1B5B-449E-A6E0-6A0E4DF34FDE} = {CF6E4620-5E0F-4D06-9B6C-1ABDEBA567FC}
		{D705E99B-D049-4BA5-8983-3BA5F00C02D9} = {CF6E4620-5E0F-4D06-9B6C-1ABDEBA567FC}
		{F1DA77E4-D81A-42A6-BA1D-5A486556402A} = {CF6E4620-5E0F-4D06-9B6C-1ABDEBA567FC}
		{BE7E9776-7F60-4802-A49F-91803A4A5550} = {CF6E4620-5E0F-4D06-9B6C-1ABDEBA567FC}
		{C509F3AB-EB9B-47E7-9E17-2F417D4A5373} = {52E1733C-3632-4F82-92AC-8B89BDC31FCA}
		{C332ED56-E5C1-4B52-96FA-270A1F4B164F} = {52E1733C-3632-4F82-92AC-8B89BDC31FCA}
		{2AD982E6-2BF8-49EB-8B2D-4565C02D32A3} = {52E1733C-3632-4F82-92AC-8B89BDC31FCA}
		{7BD1FE8F-0A4C-48B6-9DA3-23730D279335} = {52E1733C-3632-4F82-92AC-8B89BDC31FCA}
		{ABE36F44-7E7B-4A7D-B2D4-48FE626BB0E8} = {52E1733C-3632-4F82-92AC-8B89BDC31FCA}
		{44676AF9-ECC9-4B69-9B19-DD694704862C} = {52E1733C-3632-4F82-92AC-8B89BDC31FCA}
		{1C8746F7-18B1-47DD-9049-110C1C1554C1} = {52E1733C-3632-4F82-92AC-8B89BDC31FCA}
		{6E91EDB8-2280-45E3-AF5E-0282C65E7F91} = {124F2C36-3B5C-49F6-9C2B-BB3C3A95F533}
		{D6046AFC-1B1B-43AC-AB88-2307DB5893EE} = {124F2C36-3B5C-49F6-9C2B-BB3C3A95F533}
		{19728224-35D0-4FC3-8C70-AC9C5F81E041} = {124F2C36-3B5C-49F6-9C2B-BB3C3A95F533}
		{12FF2DB7-64D9-4ABF-BBE4-B92ADC2D4D0E} = {124F2C36-3B5C-49F6-9C2B-BB3C3A95F533}
	EndGlobalSection
	GlobalSection(ExtensibilityGlobals) = postSolution
		SolutionGuid = {901405F5-9263-4AAF-9BF7-7555A85BFBB7}
	EndGlobalSection
EndGlobal
