
Microsoft Visual Studio Solution File, Format Version 12.00
# Visual Studio 15
VisualStudioVersion = 15.0.28307.757
MinimumVisualStudioVersion = 10.0.40219.1
Project("{2150E333-8FDC-42A3-9474-1A3956D46DE8}") = "Creational", "Creational", "{CF6E4620-5E0F-4D06-9B6C-1ABDEBA567FC}"
EndProject
Project("{FAE04EC0-301F-11D3-BF4B-00C04F79EFBC}") = "Design.Patterns.FactoryMethod", "Design.Patterns.FactoryMethod\Design.Patterns.FactoryMethod.csproj", "{7ADFEA04-1B5B-449E-A6E0-6A0E4DF34FDE}"
EndProject
Global
	GlobalSection(SolutionConfigurationPlatforms) = preSolution
		Debug|Any CPU = Debug|Any CPU
		Release|Any CPU = Release|Any CPU
	EndGlobalSection
	GlobalSection(ProjectConfigurationPlatforms) = postSolution
		{7ADFEA04-1B5B-449E-A6E0-6A0E4DF34FDE}.Debug|Any CPU.ActiveCfg = Debug|Any CPU
		{7ADFEA04-1B5B-449E-A6E0-6A0E4DF34FDE}.Debug|Any CPU.Build.0 = Debug|Any CPU
		{7ADFEA04-1B5B-449E-A6E0-6A0E4DF34FDE}.Release|Any CPU.ActiveCfg = Release|Any CPU
		{7ADFEA04-1B5B-449E-A6E0-6A0E4DF34FDE}.Release|Any CPU.Build.0 = Release|Any CPU
	EndGlobalSection
	GlobalSection(SolutionProperties) = preSolution
		HideSolutionNode = FALSE
	EndGlobalSection
	GlobalSection(NestedProjects) = preSolution
		{7ADFEA04-1B5B-449E-A6E0-6A0E4DF34FDE} = {CF6E4620-5E0F-4D06-9B6C-1ABDEBA567FC}
	EndGlobalSection
	GlobalSection(ExtensibilityGlobals) = postSolution
		SolutionGuid = {901405F5-9263-4AAF-9BF7-7555A85BFBB7}
	EndGlobalSection
EndGlobal
